// !$*UTF8*$!
{
	archiveVersion = 1;
	classes = {
	};
	objectVersion = 46;
	objects = {

/* Begin PBXBuildFile section */
		04D71DBA1B32292F001C1CC4 /* PumpViewController.m in Sources */ = {isa = PBXBuildFile; fileRef = 04C325D51B157C6400164AD4 /* PumpViewController.m */; };
		04D71DBB1B32292F001C1CC4 /* LoginViewController.m in Sources */ = {isa = PBXBuildFile; fileRef = 04EB661A1B0C0EA100F45AA4 /* LoginViewController.m */; };
		04D71DBC1B32292F001C1CC4 /* PumpWidgetView.m in Sources */ = {isa = PBXBuildFile; fileRef = 04DAD7EF1B1288C700017AD3 /* PumpWidgetView.m */; };
		04D71DBD1B32292F001C1CC4 /* UIButton+ButtonLayout.m in Sources */ = {isa = PBXBuildFile; fileRef = 04E86B841B2129EB0068E2F6 /* UIButton+ButtonLayout.m */; };
		04D71DBE1B32292F001C1CC4 /* ForecourtViewController.m in Sources */ = {isa = PBXBuildFile; fileRef = 04C325CC1B15750000164AD4 /* ForecourtViewController.m */; };
		04D71DBF1B32292F001C1CC4 /* SiteViewController.m in Sources */ = {isa = PBXBuildFile; fileRef = 04EB662A1B0C106500F45AA4 /* SiteViewController.m */; };
		04D71DC01B32292F001C1CC4 /* AppDelegate.m in Sources */ = {isa = PBXBuildFile; fileRef = 04EB65F81B0C024A00F45AA4 /* AppDelegate.m */; };
		04D71DC11B32292F001C1CC4 /* main.m in Sources */ = {isa = PBXBuildFile; fileRef = 04EB65F51B0C024A00F45AA4 /* main.m */; };
		04D71DC21B32292F001C1CC4 /* PumpCellView.m in Sources */ = {isa = PBXBuildFile; fileRef = 04C325CF1B15770F00164AD4 /* PumpCellView.m */; };
		04D71DC31B32292F001C1CC4 /* ScrollView.m in Sources */ = {isa = PBXBuildFile; fileRef = 04A003101B291E9E00D93798 /* ScrollView.m */; };
		04D71DC41B32292F001C1CC4 /* MainViewController.m in Sources */ = {isa = PBXBuildFile; fileRef = 04EB66201B0C0FC600F45AA4 /* MainViewController.m */; };
		04D71DC61B32292F001C1CC4 /* AVFoundation.framework in Frameworks */ = {isa = PBXBuildFile; fileRef = 04DE23E21B17D24F00A07377 /* AVFoundation.framework */; };
		04D71DCB1B32292F001C1CC4 /* Images.xcassets in Resources */ = {isa = PBXBuildFile; fileRef = 04EB66001B0C024A00F45AA4 /* Images.xcassets */; };
		04EB66101B0C024A00F45AA4 /* PumpManagerTests.m in Sources */ = {isa = PBXBuildFile; fileRef = 04EB660F1B0C024A00F45AA4 /* PumpManagerTests.m */; };
		4DDBCD271B7AACE400244C92 /* EnablerApi.framework in Frameworks */ = {isa = PBXBuildFile; fileRef = 4DDBCD261B7AACE400244C92 /* EnablerApi.framework */; };
		4DDBCD281B7AACEE00244C92 /* EnablerApi.framework in CopyFiles */ = {isa = PBXBuildFile; fileRef = 4DDBCD261B7AACE400244C92 /* EnablerApi.framework */; settings = {ATTRIBUTES = (CodeSignOnCopy, RemoveHeadersOnCopy, ); }; };
		4DDEEFFE1B6054BA00ED7D72 /* Main.storyboard in Resources */ = {isa = PBXBuildFile; fileRef = 04EB65FD1B0C024A00F45AA4 /* Main.storyboard */; };
		4DDEEFFF1B6054BA00ED7D72 /* LaunchScreen.xib in Resources */ = {isa = PBXBuildFile; fileRef = 04EB66021B0C024A00F45AA4 /* LaunchScreen.xib */; };
		4DED3AB31B4E0F3E00DE8BB1 /* Common.m in Sources */ = {isa = PBXBuildFile; fileRef = 4DED3AB21B4E0F3E00DE8BB1 /* Common.m */; };
/* End PBXBuildFile section */

/* Begin PBXContainerItemProxy section */
		04D71DD31B322B7B001C1CC4 /* PBXContainerItemProxy */ = {
			isa = PBXContainerItemProxy;
			containerPortal = 04EB65E81B0C024A00F45AA4 /* Project object */;
			proxyType = 1;
			remoteGlobalIDString = 04D71DB81B32292F001C1CC4;
			remoteInfo = "Enabler Pump Manager";
		};
/* End PBXContainerItemProxy section */

/* Begin PBXCopyFilesBuildPhase section */
		04D71DCC1B32292F001C1CC4 /* CopyFiles */ = {
			isa = PBXCopyFilesBuildPhase;
			buildActionMask = 12;
			dstPath = "";
			dstSubfolderSpec = 10;
			files = (
				4DDBCD281B7AACEE00244C92 /* EnablerApi.framework in CopyFiles */,
			);
			runOnlyForDeploymentPostprocessing = 0;
		};
/* End PBXCopyFilesBuildPhase section */

/* Begin PBXFileReference section */
		04A0030E1B2904CE00D93798 /* ImageNames.h */ = {isa = PBXFileReference; fileEncoding = 4; lastKnownFileType = sourcecode.c.h; path = ImageNames.h; sourceTree = "<group>"; };
		04A0030F1B291E9E00D93798 /* ScrollView.h */ = {isa = PBXFileReference; fileEncoding = 4; lastKnownFileType = sourcecode.c.h; path = ScrollView.h; sourceTree = "<group>"; };
		04A003101B291E9E00D93798 /* ScrollView.m */ = {isa = PBXFileReference; fileEncoding = 4; lastKnownFileType = sourcecode.c.objc; path = ScrollView.m; sourceTree = "<group>"; };
		04C325CB1B15750000164AD4 /* ForecourtViewController.h */ = {isa = PBXFileReference; fileEncoding = 4; lastKnownFileType = sourcecode.c.h; path = ForecourtViewController.h; sourceTree = "<group>"; };
		04C325CC1B15750000164AD4 /* ForecourtViewController.m */ = {isa = PBXFileReference; fileEncoding = 4; lastKnownFileType = sourcecode.c.objc; path = ForecourtViewController.m; sourceTree = "<group>"; };
		04C325CE1B15770F00164AD4 /* PumpCellView.h */ = {isa = PBXFileReference; fileEncoding = 4; lastKnownFileType = sourcecode.c.h; path = PumpCellView.h; sourceTree = "<group>"; };
		04C325CF1B15770F00164AD4 /* PumpCellView.m */ = {isa = PBXFileReference; fileEncoding = 4; lastKnownFileType = sourcecode.c.objc; path = PumpCellView.m; sourceTree = "<group>"; };
		04C325D41B157C6400164AD4 /* PumpViewController.h */ = {isa = PBXFileReference; fileEncoding = 4; lastKnownFileType = sourcecode.c.h; path = PumpViewController.h; sourceTree = "<group>"; };
		04C325D51B157C6400164AD4 /* PumpViewController.m */ = {isa = PBXFileReference; fileEncoding = 4; lastKnownFileType = sourcecode.c.objc; path = PumpViewController.m; sourceTree = "<group>"; };
		04D71DD11B32292F001C1CC4 /* Pump Manager.app */ = {isa = PBXFileReference; explicitFileType = wrapper.application; includeInIndex = 0; path = "Pump Manager.app"; sourceTree = BUILT_PRODUCTS_DIR; };
		04DAD7EE1B1288C700017AD3 /* PumpWidgetView.h */ = {isa = PBXFileReference; fileEncoding = 4; lastKnownFileType = sourcecode.c.h; path = PumpWidgetView.h; sourceTree = "<group>"; };
		04DAD7EF1B1288C700017AD3 /* PumpWidgetView.m */ = {isa = PBXFileReference; fileEncoding = 4; lastKnownFileType = sourcecode.c.objc; path = PumpWidgetView.m; sourceTree = "<group>"; };
		04DE23E21B17D24F00A07377 /* AVFoundation.framework */ = {isa = PBXFileReference; lastKnownFileType = wrapper.framework; name = AVFoundation.framework; path = System/Library/Frameworks/AVFoundation.framework; sourceTree = SDKROOT; };
		04E86B831B2129EB0068E2F6 /* UIButton+ButtonLayout.h */ = {isa = PBXFileReference; fileEncoding = 4; lastKnownFileType = sourcecode.c.h; path = "UIButton+ButtonLayout.h"; sourceTree = "<group>"; };
		04E86B841B2129EB0068E2F6 /* UIButton+ButtonLayout.m */ = {isa = PBXFileReference; fileEncoding = 4; lastKnownFileType = sourcecode.c.objc; path = "UIButton+ButtonLayout.m"; sourceTree = "<group>"; };
		04EB65F41B0C024A00F45AA4 /* Info.plist */ = {isa = PBXFileReference; lastKnownFileType = text.plist.xml; path = Info.plist; sourceTree = "<group>"; };
		04EB65F51B0C024A00F45AA4 /* main.m */ = {isa = PBXFileReference; lastKnownFileType = sourcecode.c.objc; path = main.m; sourceTree = "<group>"; };
		04EB65F71B0C024A00F45AA4 /* AppDelegate.h */ = {isa = PBXFileReference; lastKnownFileType = sourcecode.c.h; path = AppDelegate.h; sourceTree = "<group>"; };
		04EB65F81B0C024A00F45AA4 /* AppDelegate.m */ = {isa = PBXFileReference; lastKnownFileType = sourcecode.c.objc; path = AppDelegate.m; sourceTree = "<group>"; };
		04EB65FE1B0C024A00F45AA4 /* Base */ = {isa = PBXFileReference; lastKnownFileType = file.storyboard; name = Base; path = Base.lproj/Main.storyboard; sourceTree = "<group>"; };
		04EB66001B0C024A00F45AA4 /* Images.xcassets */ = {isa = PBXFileReference; lastKnownFileType = folder.assetcatalog; path = Images.xcassets; sourceTree = "<group>"; };
		04EB66031B0C024A00F45AA4 /* Base */ = {isa = PBXFileReference; lastKnownFileType = file.xib; name = Base; path = Base.lproj/LaunchScreen.xib; sourceTree = "<group>"; };
		04EB66091B0C024A00F45AA4 /* PumpManagerTests.xctest */ = {isa = PBXFileReference; explicitFileType = wrapper.cfbundle; includeInIndex = 0; path = PumpManagerTests.xctest; sourceTree = BUILT_PRODUCTS_DIR; };
		04EB660E1B0C024A00F45AA4 /* Info.plist */ = {isa = PBXFileReference; lastKnownFileType = text.plist.xml; path = Info.plist; sourceTree = "<group>"; };
		04EB660F1B0C024A00F45AA4 /* PumpManagerTests.m */ = {isa = PBXFileReference; lastKnownFileType = sourcecode.c.objc; path = PumpManagerTests.m; sourceTree = "<group>"; };
		04EB66191B0C0EA100F45AA4 /* LoginViewController.h */ = {isa = PBXFileReference; fileEncoding = 4; lastKnownFileType = sourcecode.c.h; path = LoginViewController.h; sourceTree = "<group>"; };
		04EB661A1B0C0EA100F45AA4 /* LoginViewController.m */ = {isa = PBXFileReference; fileEncoding = 4; lastKnownFileType = sourcecode.c.objc; path = LoginViewController.m; sourceTree = "<group>"; };
		04EB661F1B0C0FC600F45AA4 /* MainViewController.h */ = {isa = PBXFileReference; fileEncoding = 4; lastKnownFileType = sourcecode.c.h; path = MainViewController.h; sourceTree = "<group>"; };
		04EB66201B0C0FC600F45AA4 /* MainViewController.m */ = {isa = PBXFileReference; fileEncoding = 4; lastKnownFileType = sourcecode.c.objc; path = MainViewController.m; sourceTree = "<group>"; };
		04EB662A1B0C106500F45AA4 /* SiteViewController.m */ = {isa = PBXFileReference; fileEncoding = 4; lastKnownFileType = sourcecode.c.objc; path = SiteViewController.m; sourceTree = "<group>"; };
		04EB662C1B0C106D00F45AA4 /* SiteViewController.h */ = {isa = PBXFileReference; fileEncoding = 4; lastKnownFileType = sourcecode.c.h; path = SiteViewController.h; sourceTree = "<group>"; };
		4DDBCD261B7AACE400244C92 /* EnablerApi.framework */ = {isa = PBXFileReference; lastKnownFileType = wrapper.framework; path = EnablerApi.framework; sourceTree = "<group>"; };
		4DED3AB11B4E0F3E00DE8BB1 /* Common.h */ = {isa = PBXFileReference; fileEncoding = 4; lastKnownFileType = sourcecode.c.h; path = Common.h; sourceTree = "<group>"; };
		4DED3AB21B4E0F3E00DE8BB1 /* Common.m */ = {isa = PBXFileReference; fileEncoding = 4; lastKnownFileType = sourcecode.c.objc; path = Common.m; sourceTree = "<group>"; };
/* End PBXFileReference section */

/* Begin PBXFrameworksBuildPhase section */
		04D71DC51B32292F001C1CC4 /* Frameworks */ = {
			isa = PBXFrameworksBuildPhase;
			buildActionMask = 2147483647;
			files = (
				04D71DC61B32292F001C1CC4 /* AVFoundation.framework in Frameworks */,
				4DDBCD271B7AACE400244C92 /* EnablerApi.framework in Frameworks */,
			);
			runOnlyForDeploymentPostprocessing = 0;
		};
		04EB66061B0C024A00F45AA4 /* Frameworks */ = {
			isa = PBXFrameworksBuildPhase;
			buildActionMask = 2147483647;
			files = (
			);
			runOnlyForDeploymentPostprocessing = 0;
		};
/* End PBXFrameworksBuildPhase section */

/* Begin PBXGroup section */
		04EB65E71B0C024A00F45AA4 = {
			isa = PBXGroup;
			children = (
				04EB65F21B0C024A00F45AA4 /* Enabler Pump Manager */,
				04EB660C1B0C024A00F45AA4 /* PumpManagerTests */,
				04EB65F11B0C024A00F45AA4 /* Products */,
			);
			sourceTree = "<group>";
		};
		04EB65F11B0C024A00F45AA4 /* Products */ = {
			isa = PBXGroup;
			children = (
				04EB66091B0C024A00F45AA4 /* PumpManagerTests.xctest */,
				04D71DD11B32292F001C1CC4 /* Pump Manager.app */,
			);
			name = Products;
			sourceTree = "<group>";
		};
		04EB65F21B0C024A00F45AA4 /* Enabler Pump Manager */ = {
			isa = PBXGroup;
			children = (
				4D3325231B40F0F500807857 /* Main Bar Controller */,
				4D33252F1B40F1BC00807857 /* Pump Controller */,
				4D3325281B40F12B00807857 /* Custom View */,
				4D3325271B40F12100807857 /* Login Controller */,
				4D3325261B40F11900807857 /* Site Controller */,
				4D3325251B40F10E00807857 /* Forecourt Controller */,
				04EB65F71B0C024A00F45AA4 /* AppDelegate.h */,
				04EB65F81B0C024A00F45AA4 /* AppDelegate.m */,
				04EB65FD1B0C024A00F45AA4 /* Main.storyboard */,
				04EB66001B0C024A00F45AA4 /* Images.xcassets */,
				04EB66021B0C024A00F45AA4 /* LaunchScreen.xib */,
				04EB65F31B0C024A00F45AA4 /* Supporting Files */,
			);
			name = "Enabler Pump Manager";
			path = PumpManager;
			sourceTree = "<group>";
		};
		04EB65F31B0C024A00F45AA4 /* Supporting Files */ = {
			isa = PBXGroup;
			children = (
				4DDBCD261B7AACE400244C92 /* EnablerApi.framework */,
				04DE23E21B17D24F00A07377 /* AVFoundation.framework */,
				04EB65F41B0C024A00F45AA4 /* Info.plist */,
				04EB65F51B0C024A00F45AA4 /* main.m */,
				04A0030E1B2904CE00D93798 /* ImageNames.h */,
				4DED3AB11B4E0F3E00DE8BB1 /* Common.h */,
				4DED3AB21B4E0F3E00DE8BB1 /* Common.m */,
			);
			name = "Supporting Files";
			sourceTree = "<group>";
		};
		04EB660C1B0C024A00F45AA4 /* PumpManagerTests */ = {
			isa = PBXGroup;
			children = (
				04EB660F1B0C024A00F45AA4 /* PumpManagerTests.m */,
				04EB660D1B0C024A00F45AA4 /* Supporting Files */,
			);
			path = PumpManagerTests;
			sourceTree = "<group>";
		};
		04EB660D1B0C024A00F45AA4 /* Supporting Files */ = {
			isa = PBXGroup;
			children = (
				04EB660E1B0C024A00F45AA4 /* Info.plist */,
			);
			name = "Supporting Files";
			sourceTree = "<group>";
		};
		4D3325231B40F0F500807857 /* Main Bar Controller */ = {
			isa = PBXGroup;
			children = (
				04EB661F1B0C0FC600F45AA4 /* MainViewController.h */,
				04EB66201B0C0FC600F45AA4 /* MainViewController.m */,
			);
			name = "Main Bar Controller";
			sourceTree = "<group>";
		};
		4D3325251B40F10E00807857 /* Forecourt Controller */ = {
			isa = PBXGroup;
			children = (
				04C325CB1B15750000164AD4 /* ForecourtViewController.h */,
				04C325CC1B15750000164AD4 /* ForecourtViewController.m */,
			);
			name = "Forecourt Controller";
			sourceTree = "<group>";
		};
		4D3325261B40F11900807857 /* Site Controller */ = {
			isa = PBXGroup;
			children = (
				04EB662C1B0C106D00F45AA4 /* SiteViewController.h */,
				04EB662A1B0C106500F45AA4 /* SiteViewController.m */,
			);
			name = "Site Controller";
			sourceTree = "<group>";
		};
		4D3325271B40F12100807857 /* Login Controller */ = {
			isa = PBXGroup;
			children = (
				04EB66191B0C0EA100F45AA4 /* LoginViewController.h */,
				04EB661A1B0C0EA100F45AA4 /* LoginViewController.m */,
			);
			name = "Login Controller";
			sourceTree = "<group>";
		};
		4D3325281B40F12B00807857 /* Custom View */ = {
			isa = PBXGroup;
			children = (
				4D33252D1B40F16600807857 /* Buttons */,
				4D3325291B40F13900807857 /* Pumps */,
			);
			name = "Custom View";
			sourceTree = "<group>";
		};
		4D3325291B40F13900807857 /* Pumps */ = {
			isa = PBXGroup;
			children = (
				4D33252C1B40F15900807857 /* Pump Cell View */,
				4D33252B1B40F15000807857 /* Pump Widget View */,
				4D33252A1B40F14000807857 /* Pump Widget Scroll View */,
			);
			name = Pumps;
			sourceTree = "<group>";
		};
		4D33252A1B40F14000807857 /* Pump Widget Scroll View */ = {
			isa = PBXGroup;
			children = (
				04A0030F1B291E9E00D93798 /* ScrollView.h */,
				04A003101B291E9E00D93798 /* ScrollView.m */,
			);
			name = "Pump Widget Scroll View";
			sourceTree = "<group>";
		};
		4D33252B1B40F15000807857 /* Pump Widget View */ = {
			isa = PBXGroup;
			children = (
				04DAD7EE1B1288C700017AD3 /* PumpWidgetView.h */,
				04DAD7EF1B1288C700017AD3 /* PumpWidgetView.m */,
			);
			name = "Pump Widget View";
			sourceTree = "<group>";
		};
		4D33252C1B40F15900807857 /* Pump Cell View */ = {
			isa = PBXGroup;
			children = (
				04C325CE1B15770F00164AD4 /* PumpCellView.h */,
				04C325CF1B15770F00164AD4 /* PumpCellView.m */,
			);
			name = "Pump Cell View";
			sourceTree = "<group>";
		};
		4D33252D1B40F16600807857 /* Buttons */ = {
			isa = PBXGroup;
			children = (
				04E86B831B2129EB0068E2F6 /* UIButton+ButtonLayout.h */,
				04E86B841B2129EB0068E2F6 /* UIButton+ButtonLayout.m */,
			);
			name = Buttons;
			sourceTree = "<group>";
		};
		4D33252F1B40F1BC00807857 /* Pump Controller */ = {
			isa = PBXGroup;
			children = (
				04C325D41B157C6400164AD4 /* PumpViewController.h */,
				04C325D51B157C6400164AD4 /* PumpViewController.m */,
			);
			name = "Pump Controller";
			sourceTree = "<group>";
		};
/* End PBXGroup section */

/* Begin PBXNativeTarget section */
		04D71DB81B32292F001C1CC4 /* Enabler Pump Manager */ = {
			isa = PBXNativeTarget;
			buildConfigurationList = 04D71DCE1B32292F001C1CC4 /* Build configuration list for PBXNativeTarget "Enabler Pump Manager" */;
			buildPhases = (
				04D71DB91B32292F001C1CC4 /* Sources */,
				04D71DC51B32292F001C1CC4 /* Frameworks */,
				04D71DC81B32292F001C1CC4 /* Resources */,
				04D71DCC1B32292F001C1CC4 /* CopyFiles */,
			);
			buildRules = (
			);
			dependencies = (
			);
			name = "Enabler Pump Manager";
			productName = PumpManager;
			productReference = 04D71DD11B32292F001C1CC4 /* Pump Manager.app */;
			productType = "com.apple.product-type.application";
		};
		04EB66081B0C024A00F45AA4 /* PumpManagerTests */ = {
			isa = PBXNativeTarget;
			buildConfigurationList = 04EB66161B0C024A00F45AA4 /* Build configuration list for PBXNativeTarget "PumpManagerTests" */;
			buildPhases = (
				04EB66051B0C024A00F45AA4 /* Sources */,
				04EB66061B0C024A00F45AA4 /* Frameworks */,
				04EB66071B0C024A00F45AA4 /* Resources */,
			);
			buildRules = (
			);
			dependencies = (
				04D71DD41B322B7B001C1CC4 /* PBXTargetDependency */,
			);
			name = PumpManagerTests;
			productName = PumpManagerTests;
			productReference = 04EB66091B0C024A00F45AA4 /* PumpManagerTests.xctest */;
			productType = "com.apple.product-type.bundle.unit-test";
		};
/* End PBXNativeTarget section */

/* Begin PBXProject section */
		04EB65E81B0C024A00F45AA4 /* Project object */ = {
			isa = PBXProject;
			attributes = {
				LastUpgradeCheck = 0630;
				ORGANIZATIONNAME = ITL;
				TargetAttributes = {
					04D71DB81B32292F001C1CC4 = {
						DevelopmentTeam = RAK6BZA2JY;
					};
					04EB66081B0C024A00F45AA4 = {
						CreatedOnToolsVersion = 6.3.1;
						DevelopmentTeam = RAK6BZA2JY;
						TestTargetID = 04D71DB81B32292F001C1CC4;
					};
				};
			};
			buildConfigurationList = 04EB65EB1B0C024A00F45AA4 /* Build configuration list for PBXProject "Enabler Pump Manager" */;
			compatibilityVersion = "Xcode 3.2";
			developmentRegion = English;
			hasScannedForEncodings = 0;
			knownRegions = (
				en,
				Base,
			);
			mainGroup = 04EB65E71B0C024A00F45AA4;
			productRefGroup = 04EB65F11B0C024A00F45AA4 /* Products */;
			projectDirPath = "";
			projectRoot = "";
			targets = (
				04EB66081B0C024A00F45AA4 /* PumpManagerTests */,
				04D71DB81B32292F001C1CC4 /* Enabler Pump Manager */,
			);
		};
/* End PBXProject section */

/* Begin PBXResourcesBuildPhase section */
		04D71DC81B32292F001C1CC4 /* Resources */ = {
			isa = PBXResourcesBuildPhase;
			buildActionMask = 2147483647;
			files = (
				4DDEEFFE1B6054BA00ED7D72 /* Main.storyboard in Resources */,
				4DDEEFFF1B6054BA00ED7D72 /* LaunchScreen.xib in Resources */,
				04D71DCB1B32292F001C1CC4 /* Images.xcassets in Resources */,
			);
			runOnlyForDeploymentPostprocessing = 0;
		};
		04EB66071B0C024A00F45AA4 /* Resources */ = {
			isa = PBXResourcesBuildPhase;
			buildActionMask = 2147483647;
			files = (
			);
			runOnlyForDeploymentPostprocessing = 0;
		};
/* End PBXResourcesBuildPhase section */

/* Begin PBXSourcesBuildPhase section */
		04D71DB91B32292F001C1CC4 /* Sources */ = {
			isa = PBXSourcesBuildPhase;
			buildActionMask = 2147483647;
			files = (
				4DED3AB31B4E0F3E00DE8BB1 /* Common.m in Sources */,
				04D71DBA1B32292F001C1CC4 /* PumpViewController.m in Sources */,
				04D71DBB1B32292F001C1CC4 /* LoginViewController.m in Sources */,
				04D71DBC1B32292F001C1CC4 /* PumpWidgetView.m in Sources */,
				04D71DBD1B32292F001C1CC4 /* UIButton+ButtonLayout.m in Sources */,
				04D71DBE1B32292F001C1CC4 /* ForecourtViewController.m in Sources */,
				04D71DBF1B32292F001C1CC4 /* SiteViewController.m in Sources */,
				04D71DC01B32292F001C1CC4 /* AppDelegate.m in Sources */,
				04D71DC11B32292F001C1CC4 /* main.m in Sources */,
				04D71DC21B32292F001C1CC4 /* PumpCellView.m in Sources */,
				04D71DC31B32292F001C1CC4 /* ScrollView.m in Sources */,
				04D71DC41B32292F001C1CC4 /* MainViewController.m in Sources */,
			);
			runOnlyForDeploymentPostprocessing = 0;
		};
		04EB66051B0C024A00F45AA4 /* Sources */ = {
			isa = PBXSourcesBuildPhase;
			buildActionMask = 2147483647;
			files = (
				04EB66101B0C024A00F45AA4 /* PumpManagerTests.m in Sources */,
			);
			runOnlyForDeploymentPostprocessing = 0;
		};
/* End PBXSourcesBuildPhase section */

/* Begin PBXTargetDependency section */
		04D71DD41B322B7B001C1CC4 /* PBXTargetDependency */ = {
			isa = PBXTargetDependency;
			target = 04D71DB81B32292F001C1CC4 /* Enabler Pump Manager */;
			targetProxy = 04D71DD31B322B7B001C1CC4 /* PBXContainerItemProxy */;
		};
/* End PBXTargetDependency section */

/* Begin PBXVariantGroup section */
		04EB65FD1B0C024A00F45AA4 /* Main.storyboard */ = {
			isa = PBXVariantGroup;
			children = (
				04EB65FE1B0C024A00F45AA4 /* Base */,
			);
			name = Main.storyboard;
			sourceTree = "<group>";
		};
		04EB66021B0C024A00F45AA4 /* LaunchScreen.xib */ = {
			isa = PBXVariantGroup;
			children = (
				04EB66031B0C024A00F45AA4 /* Base */,
			);
			name = LaunchScreen.xib;
			sourceTree = "<group>";
		};
/* End PBXVariantGroup section */

/* Begin XCBuildConfiguration section */
		04D71DCF1B32292F001C1CC4 /* Debug */ = {
			isa = XCBuildConfiguration;
			buildSettings = {
				ASSETCATALOG_COMPILER_APPICON_NAME = AppIcon;
				CODE_SIGN_IDENTITY = "iPhone Developer: Celestino Toon (U43P4357KF)";
				"CODE_SIGN_IDENTITY[sdk=iphoneos*]" = "iPhone Developer: Celestino Toon (U43P4357KF)";
				CURRENT_PROJECT_VERSION = 4;
				FRAMEWORK_SEARCH_PATHS = (
					"$(inherited)",
					"$(PROJECT_DIR)/PumpManager",
					"$(PROJECT_DIR)",
				);
				INFOPLIST_FILE = PumpManager/Info.plist;
				IPHONEOS_DEPLOYMENT_TARGET = 8.0;
				LD_RUNPATH_SEARCH_PATHS = "$(inherited) @executable_path/Frameworks";
				PRODUCT_NAME = "Pump Manager";
				PROVISIONING_PROFILE = "";
				TARGETED_DEVICE_FAMILY = 1;
				VERSIONING_SYSTEM = "apple-generic";
			};
			name = Debug;
		};
		04D71DD01B32292F001C1CC4 /* Release */ = {
			isa = XCBuildConfiguration;
			buildSettings = {
				ASSETCATALOG_COMPILER_APPICON_NAME = AppIcon;
				CODE_SIGN_IDENTITY = "iPhone Developer: Celestino Toon (U43P4357KF)";
				"CODE_SIGN_IDENTITY[sdk=iphoneos*]" = "iPhone Developer: Celestino Toon (U43P4357KF)";
				CURRENT_PROJECT_VERSION = 4;
				FRAMEWORK_SEARCH_PATHS = (
					"$(inherited)",
					"$(PROJECT_DIR)/PumpManager",
					"$(PROJECT_DIR)",
				);
				INFOPLIST_FILE = PumpManager/Info.plist;
				IPHONEOS_DEPLOYMENT_TARGET = 8.0;
				LD_RUNPATH_SEARCH_PATHS = "$(inherited) @executable_path/Frameworks";
				PRODUCT_NAME = "Pump Manager";
				PROVISIONING_PROFILE = "";
				TARGETED_DEVICE_FAMILY = 1;
				VERSIONING_SYSTEM = "apple-generic";
			};
			name = Release;
		};
		04EB66111B0C024A00F45AA4 /* Debug */ = {
			isa = XCBuildConfiguration;
			buildSettings = {
				ALWAYS_SEARCH_USER_PATHS = NO;
				CLANG_CXX_LANGUAGE_STANDARD = "gnu++0x";
				CLANG_CXX_LIBRARY = "libc++";
				CLANG_ENABLE_MODULES = YES;
				CLANG_ENABLE_OBJC_ARC = YES;
				CLANG_WARN_BOOL_CONVERSION = YES;
				CLANG_WARN_CONSTANT_CONVERSION = YES;
				CLANG_WARN_DIRECT_OBJC_ISA_USAGE = YES_ERROR;
				CLANG_WARN_EMPTY_BODY = YES;
				CLANG_WARN_ENUM_CONVERSION = YES;
				CLANG_WARN_INT_CONVERSION = YES;
				CLANG_WARN_OBJC_ROOT_CLASS = YES_ERROR;
				CLANG_WARN_UNREACHABLE_CODE = YES;
				CLANG_WARN__DUPLICATE_METHOD_MATCH = YES;
				CODE_SIGN_IDENTITY = "iPhone Distribution: Integration Technologies Limited (RAK6BZA2JY)";
				"CODE_SIGN_IDENTITY[sdk=iphoneos*]" = "iPhone Distribution: Integration Technologies Limited (RAK6BZA2JY)";
				COPY_PHASE_STRIP = NO;
				DEBUG_INFORMATION_FORMAT = "dwarf-with-dsym";
				ENABLE_STRICT_OBJC_MSGSEND = YES;
				GCC_C_LANGUAGE_STANDARD = gnu99;
				GCC_DYNAMIC_NO_PIC = NO;
				GCC_NO_COMMON_BLOCKS = YES;
				GCC_OPTIMIZATION_LEVEL = 0;
				GCC_PREPROCESSOR_DEFINITIONS = (
					"DEBUG=1",
					"$(inherited)",
				);
				GCC_SYMBOLS_PRIVATE_EXTERN = NO;
				GCC_WARN_64_TO_32_BIT_CONVERSION = YES;
				GCC_WARN_ABOUT_RETURN_TYPE = YES_ERROR;
				GCC_WARN_UNDECLARED_SELECTOR = YES;
				GCC_WARN_UNINITIALIZED_AUTOS = YES_AGGRESSIVE;
				GCC_WARN_UNUSED_FUNCTION = YES;
				GCC_WARN_UNUSED_VARIABLE = YES;
				IPHONEOS_DEPLOYMENT_TARGET = 8.3;
				MTL_ENABLE_DEBUG_INFO = YES;
				ONLY_ACTIVE_ARCH = YES;
				PROVISIONING_PROFILE = "1e67c7d4-c5a4-4eb7-9c06-1e60baa4aed3";
				SDKROOT = iphoneos;
				TARGETED_DEVICE_FAMILY = "1,2";
			};
			name = Debug;
		};
		04EB66121B0C024A00F45AA4 /* Release */ = {
			isa = XCBuildConfiguration;
			buildSettings = {
				ALWAYS_SEARCH_USER_PATHS = NO;
				CLANG_CXX_LANGUAGE_STANDARD = "gnu++0x";
				CLANG_CXX_LIBRARY = "libc++";
				CLANG_ENABLE_MODULES = YES;
				CLANG_ENABLE_OBJC_ARC = YES;
				CLANG_WARN_BOOL_CONVERSION = YES;
				CLANG_WARN_CONSTANT_CONVERSION = YES;
				CLANG_WARN_DIRECT_OBJC_ISA_USAGE = YES_ERROR;
				CLANG_WARN_EMPTY_BODY = YES;
				CLANG_WARN_ENUM_CONVERSION = YES;
				CLANG_WARN_INT_CONVERSION = YES;
				CLANG_WARN_OBJC_ROOT_CLASS = YES_ERROR;
				CLANG_WARN_UNREACHABLE_CODE = YES;
				CLANG_WARN__DUPLICATE_METHOD_MATCH = YES;
				CODE_SIGN_IDENTITY = "iPhone Distribution: Integration Technologies Limited (RAK6BZA2JY)";
				"CODE_SIGN_IDENTITY[sdk=iphoneos*]" = "iPhone Distribution: Integration Technologies Limited (RAK6BZA2JY)";
				COPY_PHASE_STRIP = NO;
				DEBUG_INFORMATION_FORMAT = "dwarf-with-dsym";
				ENABLE_NS_ASSERTIONS = NO;
				ENABLE_STRICT_OBJC_MSGSEND = YES;
				GCC_C_LANGUAGE_STANDARD = gnu99;
				GCC_NO_COMMON_BLOCKS = YES;
				GCC_WARN_64_TO_32_BIT_CONVERSION = YES;
				GCC_WARN_ABOUT_RETURN_TYPE = YES_ERROR;
				GCC_WARN_UNDECLARED_SELECTOR = YES;
				GCC_WARN_UNINITIALIZED_AUTOS = YES_AGGRESSIVE;
				GCC_WARN_UNUSED_FUNCTION = YES;
				GCC_WARN_UNUSED_VARIABLE = YES;
				IPHONEOS_DEPLOYMENT_TARGET = 8.3;
				MTL_ENABLE_DEBUG_INFO = NO;
				PROVISIONING_PROFILE = "1e67c7d4-c5a4-4eb7-9c06-1e60baa4aed3";
				SDKROOT = iphoneos;
				TARGETED_DEVICE_FAMILY = "1,2";
				VALIDATE_PRODUCT = YES;
			};
			name = Release;
		};
		04EB66171B0C024A00F45AA4 /* Debug */ = {
			isa = XCBuildConfiguration;
			buildSettings = {
				BUNDLE_LOADER = "$(TEST_HOST)";
				CODE_SIGN_IDENTITY = "iPhone Distribution: Integration Technologies Limited (RAK6BZA2JY)";
				"CODE_SIGN_IDENTITY[sdk=iphoneos*]" = "iPhone Distribution: Integration Technologies Limited (RAK6BZA2JY)";
				FRAMEWORK_SEARCH_PATHS = (
					"$(SDKROOT)/Developer/Library/Frameworks",
					"$(inherited)",
				);
				GCC_PREPROCESSOR_DEFINITIONS = (
					"DEBUG=1",
					"$(inherited)",
				);
				INFOPLIST_FILE = PumpManagerTests/Info.plist;
				LD_RUNPATH_SEARCH_PATHS = "$(inherited) @executable_path/Frameworks @loader_path/Frameworks";
				PRODUCT_NAME = "$(TARGET_NAME)";
				PROVISIONING_PROFILE = "";
				TEST_HOST = "$(BUILT_PRODUCTS_DIR)/Pump Manager.app/Pump Manager";
			};
			name = Debug;
		};
		04EB66181B0C024A00F45AA4 /* Release */ = {
			isa = XCBuildConfiguration;
			buildSettings = {
				BUNDLE_LOADER = "$(TEST_HOST)";
				CODE_SIGN_IDENTITY = "iPhone Distribution: Integration Technologies Limited (RAK6BZA2JY)";
				"CODE_SIGN_IDENTITY[sdk=iphoneos*]" = "iPhone Distribution: Integration Technologies Limited (RAK6BZA2JY)";
				FRAMEWORK_SEARCH_PATHS = (
					"$(SDKROOT)/Developer/Library/Frameworks",
					"$(inherited)",
				);
				INFOPLIST_FILE = PumpManagerTests/Info.plist;
				LD_RUNPATH_SEARCH_PATHS = "$(inherited) @executable_path/Frameworks @loader_path/Frameworks";
				PRODUCT_NAME = "$(TARGET_NAME)";
				PROVISIONING_PROFILE = "";
				TEST_HOST = "$(BUILT_PRODUCTS_DIR)/Pump Manager.app/Pump Manager";
			};
			name = Release;
		};
/* End XCBuildConfiguration section */

/* Begin XCConfigurationList section */
		04D71DCE1B32292F001C1CC4 /* Build configuration list for PBXNativeTarget "Enabler Pump Manager" */ = {
			isa = XCConfigurationList;
			buildConfigurations = (
				04D71DCF1B32292F001C1CC4 /* Debug */,
				04D71DD01B32292F001C1CC4 /* Release */,
			);
			defaultConfigurationIsVisible = 0;
			defaultConfigurationName = Release;
		};
		04EB65EB1B0C024A00F45AA4 /* Build configuration list for PBXProject "Enabler Pump Manager" */ = {
			isa = XCConfigurationList;
			buildConfigurations = (
				04EB66111B0C024A00F45AA4 /* Debug */,
				04EB66121B0C024A00F45AA4 /* Release */,
			);
			defaultConfigurationIsVisible = 0;
			defaultConfigurationName = Release;
		};
		04EB66161B0C024A00F45AA4 /* Build configuration list for PBXNativeTarget "PumpManagerTests" */ = {
			isa = XCConfigurationList;
			buildConfigurations = (
				04EB66171B0C024A00F45AA4 /* Debug */,
				04EB66181B0C024A00F45AA4 /* Release */,
			);
			defaultConfigurationIsVisible = 0;
			defaultConfigurationName = Release;
		};
/* End XCConfigurationList section */
	};
	rootObject = 04EB65E81B0C024A00F45AA4 /* Project object */;
}
